
Microsoft Visual Studio Solution File, Format Version 12.00
# Visual Studio Version 17
VisualStudioVersion = 17.8.34330.188
MinimumVisualStudioVersion = 10.0.40219.1
Project("{FAE04EC0-301F-11D3-BF4B-00C04F79EFBC}") = "SfDataGridSample", "SfDataGridSample\SfDataGridSample.csproj", "{CA60F13B-F284-41B6-BC15-4F8A1A28503C}"
EndProject
Global
	GlobalSection(SolutionConfigurationPlatforms) = preSolution
		Debug|Any CPU = Debug|Any CPU
		Release|Any CPU = Release|Any CPU
	EndGlobalSection
	GlobalSection(ProjectConfigurationPlatforms) = postSolution
		{CA60F13B-F284-41B6-BC15-4F8A1A28503C}.Debug|Any CPU.ActiveCfg = Debug|Any CPU
		{CA60F13B-F284-41B6-BC15-4F8A1A28503C}.Debug|Any CPU.Build.0 = Debug|Any CPU
		{CA60F13B-F284-41B6-BC15-4F8A1A28503C}.Debug|Any CPU.Deploy.0 = Debug|Any CPU
		{CA60F13B-F284-41B6-BC15-4F8A1A28503C}.Release|Any CPU.ActiveCfg = Release|Any CPU
		{CA60F13B-F284-41B6-BC15-4F8A1A28503C}.Release|Any CPU.Build.0 = Release|Any CPU
		{CA60F13B-F284-41B6-BC15-4F8A1A28503C}.Release|Any CPU.Deploy.0 = Release|Any CPU
	EndGlobalSection
	GlobalSection(SolutionProperties) = preSolution
		HideSolutionNode = FALSE
	EndGlobalSection
	GlobalSection(ExtensibilityGlobals) = postSolution
		SolutionGuid = {582CF732-AF64-498B-80F8-5F82794E2678}
	EndGlobalSection
EndGlobal
